
Microsoft Visual Studio Solution File, Format Version 12.00
# Visual Studio Version 17
VisualStudioVersion = 17.14.36804.6 d17.14
MinimumVisualStudioVersion = 10.0.40219.1
Project("{FAE04EC0-301F-11D3-BF4B-00C04F79EFBC}") = "SystemTextJsonHelpers", "SystemTextJsonHelpers\SystemTextJsonHelpers.csproj", "{39034E76-EC25-49A3-99C2-81EA7B465BDE}"
EndProject
Project("{FAE04EC0-301F-11D3-BF4B-00C04F79EFBC}") = "SystemTextJsonHelpers.Tests", "SystemTextJsonHelpers.Tests\SystemTextJsonHelpers.Tests.csproj", "{C824EC5F-DF8D-448D-8C84-98D6B4210E6A}"
EndProject
Global
	GlobalSection(SolutionConfigurationPlatforms) = preSolution
		Debug|Any CPU = Debug|Any CPU
		Release|Any CPU = Release|Any CPU
	EndGlobalSection
	GlobalSection(ProjectConfigurationPlatforms) = postSolution
		{39034E76-EC25-49A3-99C2-81EA7B465BDE}.Debug|Any CPU.ActiveCfg = Debug|Any CPU
		{39034E76-EC25-49A3-99C2-81EA7B465BDE}.Debug|Any CPU.Build.0 = Debug|Any CPU
		{39034E76-EC25-49A3-99C2-81EA7B465BDE}.Release|Any CPU.ActiveCfg = Release|Any CPU
		{39034E76-EC25-49A3-99C2-81EA7B465BDE}.Release|Any CPU.Build.0 = Release|Any CPU
		{C824EC5F-DF8D-448D-8C84-98D6B4210E6A}.Debug|Any CPU.ActiveCfg = Debug|Any CPU
		{C824EC5F-DF8D-448D-8C84-98D6B4210E6A}.Debug|Any CPU.Build.0 = Debug|Any CPU
		{C824EC5F-DF8D-448D-8C84-98D6B4210E6A}.Release|Any CPU.ActiveCfg = Release|Any CPU
		{C824EC5F-DF8D-448D-8C84-98D6B4210E6A}.Release|Any CPU.Build.0 = Release|Any CPU
	EndGlobalSection
	GlobalSection(SolutionProperties) = preSolution
		HideSolutionNode = FALSE
	EndGlobalSection
	GlobalSection(ExtensibilityGlobals) = postSolution
		SolutionGuid = {1CD87FF3-E73F-4DD8-B4B1-D6965117E5D7}
	EndGlobalSection
EndGlobal
